
Microsoft Visual Studio Solution File, Format Version 12.00
# Visual Studio Version 16
VisualStudioVersion = 16.0.31702.278
MinimumVisualStudioVersion = 10.0.40219.1
Project("{8BC9CEB8-8B4A-11D0-8D11-00A0C91BC942}") = "Prog1DAE10E_Q42_deMouraCoutinho_Diogo", "Prog1DAE10E_Q42_deMouraCoutinho_Diogo.vcxproj", "{A50D5EF4-F156-4E7E-8C5F-F56F40C6420F}"
EndProject
Global
	GlobalSection(SolutionConfigurationPlatforms) = preSolution
		Debug|x64 = Debug|x64
		Debug|x86 = Debug|x86
		Release|x64 = Release|x64
		Release|x86 = Release|x86
	EndGlobalSection
	GlobalSection(ProjectConfigurationPlatforms) = postSolution
		{A50D5EF4-F156-4E7E-8C5F-F56F40C6420F}.Debug|x64.ActiveCfg = Debug|x64
		{A50D5EF4-F156-4E7E-8C5F-F56F40C6420F}.Debug|x64.Build.0 = Debug|x64
		{A50D5EF4-F156-4E7E-8C5F-F56F40C6420F}.Debug|x86.ActiveCfg = Debug|Win32
		{A50D5EF4-F156-4E7E-8C5F-F56F40C6420F}.Debug|x86.Build.0 = Debug|Win32
		{A50D5EF4-F156-4E7E-8C5F-F56F40C6420F}.Release|x64.ActiveCfg = Release|x64
		{A50D5EF4-F156-4E7E-8C5F-F56F40C6420F}.Release|x64.Build.0 = Release|x64
		{A50D5EF4-F156-4E7E-8C5F-F56F40C6420F}.Release|x86.ActiveCfg = Release|Win32
		{A50D5EF4-F156-4E7E-8C5F-F56F40C6420F}.Release|x86.Build.0 = Release|Win32
	EndGlobalSection
	GlobalSection(SolutionProperties) = preSolution
		HideSolutionNode = FALSE
	EndGlobalSection
	GlobalSection(ExtensibilityGlobals) = postSolution
		SolutionGuid = {BB1CC50B-F76C-4AD0-B141-4893B7BCAA2A}
	EndGlobalSection
EndGlobal
